
Microsoft Visual Studio Solution File, Format Version 12.00
# Visual Studio Version 17
VisualStudioVersion = 17.11.35312.102
MinimumVisualStudioVersion = 10.0.40219.1
Project("{FAE04EC0-301F-11D3-BF4B-00C04F79EFBC}") = "PaymentApi", "PaymentApi\PaymentApi.csproj", "{FE139AA1-5032-47CF-A68E-1088D26D7F2C}"
EndProject
Global
	GlobalSection(SolutionConfigurationPlatforms) = preSolution
		Debug|Any CPU = Debug|Any CPU
		Release|Any CPU = Release|Any CPU
	EndGlobalSection
	GlobalSection(ProjectConfigurationPlatforms) = postSolution
		{FE139AA1-5032-47CF-A68E-1088D26D7F2C}.Debug|Any CPU.ActiveCfg = Debug|Any CPU
		{FE139AA1-5032-47CF-A68E-1088D26D7F2C}.Debug|Any CPU.Build.0 = Debug|Any CPU
		{FE139AA1-5032-47CF-A68E-1088D26D7F2C}.Release|Any CPU.ActiveCfg = Release|Any CPU
		{FE139AA1-5032-47CF-A68E-1088D26D7F2C}.Release|Any CPU.Build.0 = Release|Any CPU
	EndGlobalSection
	GlobalSection(SolutionProperties) = preSolution
		HideSolutionNode = FALSE
	EndGlobalSection
	GlobalSection(ExtensibilityGlobals) = postSolution
		SolutionGuid = {737CCE20-4FD9-4422-914A-85DA8D71BD0C}
	EndGlobalSection
EndGlobal
